# This file is automatically @generated by Cargo.
# It is not intended for manual editing.
[[package]]
name = "aiid"
version = "0.0.1"
dependencies = [
 "hex",
 "reed-solomon",
 "serde_json",
]

[[package]]
name = "aiid_js"
version = "0.0.1"
dependencies = [
 "aiid",
 "wasm-bindgen",
 "wee_alloc",
]

[[package]]
name = "bumpalo"
version = "2.4.1"
source = "registry+https://github.com/rust-lang/crates.io-index"
checksum = "4639720be048090544634e0402490838995ccdc9d2fe648f528f30d3c33ae71f"

[[package]]
name = "cfg-if"
version = "0.1.6"
source = "registry+https://github.com/rust-lang/crates.io-index"
checksum = "082bb9b28e00d3c9d39cc03e64ce4cea0f1bb9b3fde493f0cbc008472d22bdf4"

[[package]]
name = "hex"
version = "0.3.2"
source = "registry+https://github.com/rust-lang/crates.io-index"
checksum = "805026a5d0141ffc30abb3be3173848ad46a1b1664fe632428479619a3644d77"

[[package]]
name = "itoa"
version = "0.4.3"
source = "registry+https://github.com/rust-lang/crates.io-index"
checksum = "1306f3464951f30e30d12373d31c79fbd52d236e5e896fd92f96ec7babbbe60b"

[[package]]
name = "lazy_static"
version = "1.2.0"
source = "registry+https://github.com/rust-lang/crates.io-index"
checksum = "a374c89b9db55895453a74c1e38861d9deec0b01b405a82516e9d5de4820dea1"

[[package]]
name = "libc"
version = "0.2.54"
source = "registry+https://github.com/rust-lang/crates.io-index"
checksum = "c6785aa7dd976f5fbf3b71cfd9cd49d7f783c1ff565a858d71031c6c313aa5c6"

[[package]]
name = "log"
version = "0.4.6"
source = "registry+https://github.com/rust-lang/crates.io-index"
checksum = "c84ec4b527950aa83a329754b01dbe3f58361d1c5efacd1f6d68c494d08a17c6"
dependencies = [
 "cfg-if",
]

[[package]]
name = "memory_units"
version = "0.4.0"
source = "registry+https://github.com/rust-lang/crates.io-index"
checksum = "8452105ba047068f40ff7093dd1d9da90898e63dd61736462e9cdda6a90ad3c3"

[[package]]
name = "proc-macro2"
version = "0.4.27"
source = "registry+https://github.com/rust-lang/crates.io-index"
checksum = "4d317f9caece796be1980837fd5cb3dfec5613ebdb04ad0956deea83ce168915"
dependencies = [
 "unicode-xid",
]

[[package]]
name = "quote"
version = "0.6.11"
source = "registry+https://github.com/rust-lang/crates.io-index"
checksum = "cdd8e04bd9c52e0342b406469d494fcb033be4bdbe5c606016defbb1681411e1"
dependencies = [
 "proc-macro2",
]

[[package]]
name = "reed-solomon"
version = "0.2.1"
source = "registry+https://github.com/rust-lang/crates.io-index"
checksum = "13de68c877a77f35885442ac72c8beb7c2f0b09380c43b734b9d63d1db69ee54"

[[package]]
name = "ryu"
version = "0.2.7"
source = "registry+https://github.com/rust-lang/crates.io-index"
checksum = "eb9e9b8cde282a9fe6a42dd4681319bfb63f121b8a8ee9439c6f4107e58a46f7"

[[package]]
name = "serde"
version = "1.0.87"
source = "registry+https://github.com/rust-lang/crates.io-index"
checksum = "2e20fde37801e83c891a2dc4ebd3b81f0da4d1fb67a9e0a2a3b921e2536a58ee"

[[package]]
name = "serde_json"
version = "1.0.38"
source = "registry+https://github.com/rust-lang/crates.io-index"
checksum = "27dce848e7467aa0e2fcaf0a413641499c0b745452aaca1194d24dedde9e13c9"
dependencies = [
 "itoa",
 "ryu",
 "serde",
]

[[package]]
name = "syn"
version = "0.15.26"
source = "registry+https://github.com/rust-lang/crates.io-index"
checksum = "f92e629aa1d9c827b2bb8297046c1ccffc57c99b947a680d3ccff1f136a3bee9"
dependencies = [
 "proc-macro2",
 "quote",
 "unicode-xid",
]

[[package]]
name = "unicode-xid"
version = "0.1.0"
source = "registry+https://github.com/rust-lang/crates.io-index"
checksum = "fc72304796d0818e357ead4e000d19c9c174ab23dc11093ac919054d20a6a7fc"

[[package]]
name = "unreachable"
version = "1.0.0"
source = "registry+https://github.com/rust-lang/crates.io-index"
checksum = "382810877fe448991dfc7f0dd6e3ae5d58088fd0ea5e35189655f84e6814fa56"
dependencies = [
 "void",
]

[[package]]
name = "void"
version = "1.0.2"
source = "registry+https://github.com/rust-lang/crates.io-index"
checksum = "6a02e4885ed3bc0f2de90ea6dd45ebcbb66dacffe03547fadbb0eeae2770887d"

[[package]]
name = "wasm-bindgen"
version = "0.2.40"
source = "registry+https://github.com/rust-lang/crates.io-index"
checksum = "9742fc4860f47bede1090a5e4b0cfc33afcd70cfdf45dd28f2cfb02d4662b0dd"
dependencies = [
 "wasm-bindgen-macro",
]

[[package]]
name = "wasm-bindgen-backend"
version = "0.2.40"
source = "registry+https://github.com/rust-lang/crates.io-index"
checksum = "c6d7f35ecbb4180513cdb9b298543321bcb278670730415cbb3205ff2c66a477"
dependencies = [
 "bumpalo",
 "lazy_static",
 "log",
 "proc-macro2",
 "quote",
 "syn",
 "wasm-bindgen-shared",
]

[[package]]
name = "wasm-bindgen-macro"
version = "0.2.40"
source = "registry+https://github.com/rust-lang/crates.io-index"
checksum = "e3c86b06bcd28e92e87d2c2ad208889b2f69ea33f79810b91ef660cc3de65a4c"
dependencies = [
 "quote",
 "wasm-bindgen-macro-support",
]

[[package]]
name = "wasm-bindgen-macro-support"
version = "0.2.40"
source = "registry+https://github.com/rust-lang/crates.io-index"
checksum = "81d7338dd8c67e193d8ef18e5802dc03d8710456baa792c1c2e66847e57fd389"
dependencies = [
 "proc-macro2",
 "quote",
 "syn",
 "wasm-bindgen-backend",
 "wasm-bindgen-shared",
]

[[package]]
name = "wasm-bindgen-shared"
version = "0.2.40"
source = "registry+https://github.com/rust-lang/crates.io-index"
checksum = "0d57c3b66f2f3e4d96b50f49b7b7e2f4cfcddc88b15744433c98c5c105b26672"

[[package]]
name = "wee_alloc"
version = "0.4.4"
source = "registry+https://github.com/rust-lang/crates.io-index"
checksum = "31d4e6572d21ac55398bc91db827f48c3fdb8152ae60f4c358f6780e1035ffcc"
dependencies = [
 "cfg-if",
 "libc",
 "memory_units",
 "unreachable",
 "winapi",
]

[[package]]
name = "winapi"
version = "0.3.7"
source = "registry+https://github.com/rust-lang/crates.io-index"
checksum = "f10e386af2b13e47c89e7236a7a14a086791a2b88ebad6df9bf42040195cf770"
dependencies = [
 "winapi-i686-pc-windows-gnu",
 "winapi-x86_64-pc-windows-gnu",
]

[[package]]
name = "winapi-i686-pc-windows-gnu"
version = "0.4.0"
source = "registry+https://github.com/rust-lang/crates.io-index"
checksum = "ac3b87c63620426dd9b991e5ce0329eff545bccbbb34f3be09ff6fb6ab51b7b6"

[[package]]
name = "winapi-x86_64-pc-windows-gnu"
version = "0.4.0"
source = "registry+https://github.com/rust-lang/crates.io-index"
checksum = "712e227841d057c1ee1cd2fb22fa7e5a5461ae8e48fa2ca79ec42cfc1931183f"
